
Microsoft Visual Studio Solution File, Format Version 12.00
# Visual Studio Version 17
VisualStudioVersion = 17.1.32210.238
MinimumVisualStudioVersion = 10.0.40219.1
Project("{9A19103F-16F7-4668-BE54-9A1E7A4F7556}") = "CoreWebApiUsingVue", "CoreWebApiUsingVue\CoreWebApiUsingVue.csproj", "{38E6B4F7-3E62-4F81-8725-544C4E5894F9}"
EndProject
Project("{2150E333-8FDC-42A3-9474-1A3956D46DE8}") = "UI", "UI", "{91905842-CF99-451E-9353-5EBA1BC87D80}"
	ProjectSection(SolutionItems) = preProject
		..\UI\app.js = ..\UI\app.js
		..\UI\department.js = ..\UI\department.js
		..\UI\employee.js = ..\UI\employee.js
		..\UI\home.js = ..\UI\home.js
		..\UI\Index.html = ..\UI\Index.html
		..\UI\variables.js = ..\UI\variables.js
	EndProjectSection
EndProject
Global
	GlobalSection(SolutionConfigurationPlatforms) = preSolution
		Debug|Any CPU = Debug|Any CPU
		Release|Any CPU = Release|Any CPU
	EndGlobalSection
	GlobalSection(ProjectConfigurationPlatforms) = postSolution
		{38E6B4F7-3E62-4F81-8725-544C4E5894F9}.Debug|Any CPU.ActiveCfg = Debug|Any CPU
		{38E6B4F7-3E62-4F81-8725-544C4E5894F9}.Debug|Any CPU.Build.0 = Debug|Any CPU
		{38E6B4F7-3E62-4F81-8725-544C4E5894F9}.Release|Any CPU.ActiveCfg = Release|Any CPU
		{38E6B4F7-3E62-4F81-8725-544C4E5894F9}.Release|Any CPU.Build.0 = Release|Any CPU
	EndGlobalSection
	GlobalSection(SolutionProperties) = preSolution
		HideSolutionNode = FALSE
	EndGlobalSection
	GlobalSection(ExtensibilityGlobals) = postSolution
		SolutionGuid = {019A3342-E8F2-4034-8960-A1F7DB8B8BCC}
	EndGlobalSection
EndGlobal
